// !$*UTF8*$!
{
	archiveVersion = 1;
	classes = {
	};
	objectVersion = 50;
	objects = {

/* Begin PBXBuildFile section */
		881AB13922719BCF00BA1BDC /* YAOldMovieTicket.swift in Sources */ = {isa = PBXBuildFile; fileRef = 881AB13822719BCF00BA1BDC /* YAOldMovieTicket.swift */; };
		881AB13B2272A01800BA1BDC /* YANewMovieTicket.swift in Sources */ = {isa = PBXBuildFile; fileRef = 881AB13A2272A01800BA1BDC /* YANewMovieTicket.swift */; };
		88AB7C6321ABE76F0073D00F /* AppDelegate.swift in Sources */ = {isa = PBXBuildFile; fileRef = 88AB7C6221ABE76F0073D00F /* AppDelegate.swift */; };
		88AB7C6521ABE76F0073D00F /* ViewController.swift in Sources */ = {isa = PBXBuildFile; fileRef = 88AB7C6421ABE76F0073D00F /* ViewController.swift */; };
		88AB7C6821ABE76F0073D00F /* Main.storyboard in Resources */ = {isa = PBXBuildFile; fileRef = 88AB7C6621ABE76F0073D00F /* Main.storyboard */; };
		88AB7C6A21ABE7700073D00F /* Assets.xcassets in Resources */ = {isa = PBXBuildFile; fileRef = 88AB7C6921ABE7700073D00F /* Assets.xcassets */; };
		88AB7C6D21ABE7700073D00F /* LaunchScreen.storyboard in Resources */ = {isa = PBXBuildFile; fileRef = 88AB7C6B21ABE7700073D00F /* LaunchScreen.storyboard */; };
/* End PBXBuildFile section */

/* Begin PBXFileReference section */
		881AB13822719BCF00BA1BDC /* YAOldMovieTicket.swift */ = {isa = PBXFileReference; lastKnownFileType = sourcecode.swift; path = YAOldMovieTicket.swift; sourceTree = "<group>"; };
		881AB13A2272A01800BA1BDC /* YANewMovieTicket.swift */ = {isa = PBXFileReference; lastKnownFileType = sourcecode.swift; path = YANewMovieTicket.swift; sourceTree = "<group>"; };
		88AB7C5F21ABE76F0073D00F /* 22策略模式.app */ = {isa = PBXFileReference; explicitFileType = wrapper.application; includeInIndex = 0; path = "22策略模式.app"; sourceTree = BUILT_PRODUCTS_DIR; };
		88AB7C6221ABE76F0073D00F /* AppDelegate.swift */ = {isa = PBXFileReference; lastKnownFileType = sourcecode.swift; path = AppDelegate.swift; sourceTree = "<group>"; };
		88AB7C6421ABE76F0073D00F /* ViewController.swift */ = {isa = PBXFileReference; lastKnownFileType = sourcecode.swift; path = ViewController.swift; sourceTree = "<group>"; };
		88AB7C6721ABE76F0073D00F /* Base */ = {isa = PBXFileReference; lastKnownFileType = file.storyboard; name = Base; path = Base.lproj/Main.storyboard; sourceTree = "<group>"; };
		88AB7C6921ABE7700073D00F /* Assets.xcassets */ = {isa = PBXFileReference; lastKnownFileType = folder.assetcatalog; path = Assets.xcassets; sourceTree = "<group>"; };
		88AB7C6C21ABE7700073D00F /* Base */ = {isa = PBXFileReference; lastKnownFileType = file.storyboard; name = Base; path = Base.lproj/LaunchScreen.storyboard; sourceTree = "<group>"; };
		88AB7C6E21ABE7700073D00F /* Info.plist */ = {isa = PBXFileReference; lastKnownFileType = text.plist.xml; path = Info.plist; sourceTree = "<group>"; };
/* End PBXFileReference section */

/* Begin PBXFrameworksBuildPhase section */
		88AB7C5C21ABE76F0073D00F /* Frameworks */ = {
			isa = PBXFrameworksBuildPhase;
			buildActionMask = 2147483647;
			files = (
			);
			runOnlyForDeploymentPostprocessing = 0;
		};
/* End PBXFrameworksBuildPhase section */

/* Begin PBXGroup section */
		88AB7C5621ABE76F0073D00F = {
			isa = PBXGroup;
			children = (
				88AB7C6121ABE76F0073D00F /* 22策略模式 */,
				88AB7C6021ABE76F0073D00F /* Products */,
			);
			sourceTree = "<group>";
		};
		88AB7C6021ABE76F0073D00F /* Products */ = {
			isa = PBXGroup;
			children = (
				88AB7C5F21ABE76F0073D00F /* 22策略模式.app */,
			);
			name = Products;
			sourceTree = "<group>";
		};
		88AB7C6121ABE76F0073D00F /* 22策略模式 */ = {
			isa = PBXGroup;
			children = (
				88AB7C6221ABE76F0073D00F /* AppDelegate.swift */,
				88AB7C6421ABE76F0073D00F /* ViewController.swift */,
				881AB13A2272A01800BA1BDC /* YANewMovieTicket.swift */,
				881AB13822719BCF00BA1BDC /* YAOldMovieTicket.swift */,
				88AB7C6621ABE76F0073D00F /* Main.storyboard */,
				88AB7C6921ABE7700073D00F /* Assets.xcassets */,
				88AB7C6B21ABE7700073D00F /* LaunchScreen.storyboard */,
				88AB7C6E21ABE7700073D00F /* Info.plist */,
			);
			path = "22策略模式";
			sourceTree = "<group>";
		};
/* End PBXGroup section */

/* Begin PBXNativeTarget section */
		88AB7C5E21ABE76F0073D00F /* 22策略模式 */ = {
			isa = PBXNativeTarget;
			buildConfigurationList = 88AB7C7121ABE7700073D00F /* Build configuration list for PBXNativeTarget "22策略模式" */;
			buildPhases = (
				88AB7C5B21ABE76F0073D00F /* Sources */,
				88AB7C5C21ABE76F0073D00F /* Frameworks */,
				88AB7C5D21ABE76F0073D00F /* Resources */,
			);
			buildRules = (
			);
			dependencies = (
			);
			name = "22策略模式";
			productName = "22策略模式";
			productReference = 88AB7C5F21ABE76F0073D00F /* 22策略模式.app */;
			productType = "com.apple.product-type.application";
		};
/* End PBXNativeTarget section */

/* Begin PBXProject section */
		88AB7C5721ABE76F0073D00F /* Project object */ = {
			isa = PBXProject;
			attributes = {
				CLASSPREFIX = YA;
				LastSwiftUpdateCheck = 1010;
				LastUpgradeCheck = 1010;
				ORGANIZATIONNAME = xygj;
				TargetAttributes = {
					88AB7C5E21ABE76F0073D00F = {
						CreatedOnToolsVersion = 10.1;
					};
				};
			};
			buildConfigurationList = 88AB7C5A21ABE76F0073D00F /* Build configuration list for PBXProject "22策略模式" */;
			compatibilityVersion = "Xcode 9.3";
			developmentRegion = en;
			hasScannedForEncodings = 0;
			knownRegions = (
				en,
				Base,
			);
			mainGroup = 88AB7C5621ABE76F0073D00F;
			productRefGroup = 88AB7C6021ABE76F0073D00F /* Products */;
			projectDirPath = "";
			projectRoot = "";
			targets = (
				88AB7C5E21ABE76F0073D00F /* 22策略模式 */,
			);
		};
/* End PBXProject section */

/* Begin PBXResourcesBuildPhase section */
		88AB7C5D21ABE76F0073D00F /* Resources */ = {
			isa = PBXResourcesBuildPhase;
			buildActionMask = 2147483647;
			files = (
				88AB7C6D21ABE7700073D00F /* LaunchScreen.storyboard in Resources */,
				88AB7C6A21ABE7700073D00F /* Assets.xcassets in Resources */,
				88AB7C6821ABE76F0073D00F /* Main.storyboard in Resources */,
			);
			runOnlyForDeploymentPostprocessing = 0;
		};
/* End PBXResourcesBuildPhase section */

/* Begin PBXSourcesBuildPhase section */
		88AB7C5B21ABE76F0073D00F /* Sources */ = {
			isa = PBXSourcesBuildPhase;
			buildActionMask = 2147483647;
			files = (
				88AB7C6521ABE76F0073D00F /* ViewController.swift in Sources */,
				881AB13B2272A01800BA1BDC /* YANewMovieTicket.swift in Sources */,
				881AB13922719BCF00BA1BDC /* YAOldMovieTicket.swift in Sources */,
				88AB7C6321ABE76F0073D00F /* AppDelegate.swift in Sources */,
			);
			runOnlyForDeploymentPostprocessing = 0;
		};
/* End PBXSourcesBuildPhase section */

/* Begin PBXVariantGroup section */
		88AB7C6621ABE76F0073D00F /* Main.storyboard */ = {
			isa = PBXVariantGroup;
			children = (
				88AB7C6721ABE76F0073D00F /* Base */,
			);
			name = Main.storyboard;
			sourceTree = "<group>";
		};
		88AB7C6B21ABE7700073D00F /* LaunchScreen.storyboard */ = {
			isa = PBXVariantGroup;
			children = (
				88AB7C6C21ABE7700073D00F /* Base */,
			);
			name = LaunchScreen.storyboard;
			sourceTree = "<group>";
		};
/* End PBXVariantGroup section */

/* Begin XCBuildConfiguration section */
		88AB7C6F21ABE7700073D00F /* Debug */ = {
			isa = XCBuildConfiguration;
			buildSettings = {
				ALWAYS_SEARCH_USER_PATHS = NO;
				CLANG_ANALYZER_NONNULL = YES;
				CLANG_ANALYZER_NUMBER_OBJECT_CONVERSION = YES_AGGRESSIVE;
				CLANG_CXX_LANGUAGE_STANDARD = "gnu++14";
				CLANG_CXX_LIBRARY = "libc++";
				CLANG_ENABLE_MODULES = YES;
				CLANG_ENABLE_OBJC_ARC = YES;
				CLANG_ENABLE_OBJC_WEAK = YES;
				CLANG_WARN_BLOCK_CAPTURE_AUTORELEASING = YES;
				CLANG_WARN_BOOL_CONVERSION = YES;
				CLANG_WARN_COMMA = YES;
				CLANG_WARN_CONSTANT_CONVERSION = YES;
				CLANG_WARN_DEPRECATED_OBJC_IMPLEMENTATIONS = YES;
				CLANG_WARN_DIRECT_OBJC_ISA_USAGE = YES_ERROR;
				CLANG_WARN_DOCUMENTATION_COMMENTS = YES;
				CLANG_WARN_EMPTY_BODY = YES;
				CLANG_WARN_ENUM_CONVERSION = YES;
				CLANG_WARN_INFINITE_RECURSION = YES;
				CLANG_WARN_INT_CONVERSION = YES;
				CLANG_WARN_NON_LITERAL_NULL_CONVERSION = YES;
				CLANG_WARN_OBJC_IMPLICIT_RETAIN_SELF = YES;
				CLANG_WARN_OBJC_LITERAL_CONVERSION = YES;
				CLANG_WARN_OBJC_ROOT_CLASS = YES_ERROR;
				CLANG_WARN_RANGE_LOOP_ANALYSIS = YES;
				CLANG_WARN_STRICT_PROTOTYPES = YES;
				CLANG_WARN_SUSPICIOUS_MOVE = YES;
				CLANG_WARN_UNGUARDED_AVAILABILITY = YES_AGGRESSIVE;
				CLANG_WARN_UNREACHABLE_CODE = YES;
				CLANG_WARN__DUPLICATE_METHOD_MATCH = YES;
				CODE_SIGN_IDENTITY = "iPhone Developer";
				COPY_PHASE_STRIP = NO;
				DEBUG_INFORMATION_FORMAT = dwarf;
				ENABLE_STRICT_OBJC_MSGSEND = YES;
				ENABLE_TESTABILITY = YES;
				GCC_C_LANGUAGE_STANDARD = gnu11;
				GCC_DYNAMIC_NO_PIC = NO;
				GCC_NO_COMMON_BLOCKS = YES;
				GCC_OPTIMIZATION_LEVEL = 0;
				GCC_PREPROCESSOR_DEFINITIONS = (
					"DEBUG=1",
					"$(inherited)",
				);
				GCC_WARN_64_TO_32_BIT_CONVERSION = YES;
				GCC_WARN_ABOUT_RETURN_TYPE = YES_ERROR;
				GCC_WARN_UNDECLARED_SELECTOR = YES;
				GCC_WARN_UNINITIALIZED_AUTOS = YES_AGGRESSIVE;
				GCC_WARN_UNUSED_FUNCTION = YES;
				GCC_WARN_UNUSED_VARIABLE = YES;
				IPHONEOS_DEPLOYMENT_TARGET = 12.1;
				MTL_ENABLE_DEBUG_INFO = INCLUDE_SOURCE;
				MTL_FAST_MATH = YES;
				ONLY_ACTIVE_ARCH = YES;
				SDKROOT = iphoneos;
				SWIFT_ACTIVE_COMPILATION_CONDITIONS = DEBUG;
				SWIFT_OPTIMIZATION_LEVEL = "-Onone";
			};
			name = Debug;
		};
		88AB7C7021ABE7700073D00F /* Release */ = {
			isa = XCBuildConfiguration;
			buildSettings = {
				ALWAYS_SEARCH_USER_PATHS = NO;
				CLANG_ANALYZER_NONNULL = YES;
				CLANG_ANALYZER_NUMBER_OBJECT_CONVERSION = YES_AGGRESSIVE;
				CLANG_CXX_LANGUAGE_STANDARD = "gnu++14";
				CLANG_CXX_LIBRARY = "libc++";
				CLANG_ENABLE_MODULES = YES;
				CLANG_ENABLE_OBJC_ARC = YES;
				CLANG_ENABLE_OBJC_WEAK = YES;
				CLANG_WARN_BLOCK_CAPTURE_AUTORELEASING = YES;
				CLANG_WARN_BOOL_CONVERSION = YES;
				CLANG_WARN_COMMA = YES;
				CLANG_WARN_CONSTANT_CONVERSION = YES;
				CLANG_WARN_DEPRECATED_OBJC_IMPLEMENTATIONS = YES;
				CLANG_WARN_DIRECT_OBJC_ISA_USAGE = YES_ERROR;
				CLANG_WARN_DOCUMENTATION_COMMENTS = YES;
				CLANG_WARN_EMPTY_BODY = YES;
				CLANG_WARN_ENUM_CONVERSION = YES;
				CLANG_WARN_INFINITE_RECURSION = YES;
				CLANG_WARN_INT_CONVERSION = YES;
				CLANG_WARN_NON_LITERAL_NULL_CONVERSION = YES;
				CLANG_WARN_OBJC_IMPLICIT_RETAIN_SELF = YES;
				CLANG_WARN_OBJC_LITERAL_CONVERSION = YES;
				CLANG_WARN_OBJC_ROOT_CLASS = YES_ERROR;
				CLANG_WARN_RANGE_LOOP_ANALYSIS = YES;
				CLANG_WARN_STRICT_PROTOTYPES = YES;
				CLANG_WARN_SUSPICIOUS_MOVE = YES;
				CLANG_WARN_UNGUARDED_AVAILABILITY = YES_AGGRESSIVE;
				CLANG_WARN_UNREACHABLE_CODE = YES;
				CLANG_WARN__DUPLICATE_METHOD_MATCH = YES;
				CODE_SIGN_IDENTITY = "iPhone Developer";
				COPY_PHASE_STRIP = NO;
				DEBUG_INFORMATION_FORMAT = "dwarf-with-dsym";
				ENABLE_NS_ASSERTIONS = NO;
				ENABLE_STRICT_OBJC_MSGSEND = YES;
				GCC_C_LANGUAGE_STANDARD = gnu11;
				GCC_NO_COMMON_BLOCKS = YES;
				GCC_WARN_64_TO_32_BIT_CONVERSION = YES;
				GCC_WARN_ABOUT_RETURN_TYPE = YES_ERROR;
				GCC_WARN_UNDECLARED_SELECTOR = YES;
				GCC_WARN_UNINITIALIZED_AUTOS = YES_AGGRESSIVE;
				GCC_WARN_UNUSED_FUNCTION = YES;
				GCC_WARN_UNUSED_VARIABLE = YES;
				IPHONEOS_DEPLOYMENT_TARGET = 12.1;
				MTL_ENABLE_DEBUG_INFO = NO;
				MTL_FAST_MATH = YES;
				SDKROOT = iphoneos;
				SWIFT_COMPILATION_MODE = wholemodule;
				SWIFT_OPTIMIZATION_LEVEL = "-O";
				VALIDATE_PRODUCT = YES;
			};
			name = Release;
		};
		88AB7C7221ABE7700073D00F /* Debug */ = {
			isa = XCBuildConfiguration;
			buildSettings = {
				ASSETCATALOG_COMPILER_APPICON_NAME = AppIcon;
				CODE_SIGN_STYLE = Automatic;
				INFOPLIST_FILE = "22策略模式/Info.plist";
				LD_RUNPATH_SEARCH_PATHS = (
					"$(inherited)",
					"@executable_path/Frameworks",
				);
				PRODUCT_BUNDLE_IDENTIFIER = "com.nbapi.testttt.-2----";
				PRODUCT_NAME = "$(TARGET_NAME)";
				SWIFT_VERSION = 4.2;
				TARGETED_DEVICE_FAMILY = "1,2";
			};
			name = Debug;
		};
		88AB7C7321ABE7700073D00F /* Release */ = {
			isa = XCBuildConfiguration;
			buildSettings = {
				ASSETCATALOG_COMPILER_APPICON_NAME = AppIcon;
				CODE_SIGN_STYLE = Automatic;
				INFOPLIST_FILE = "22策略模式/Info.plist";
				LD_RUNPATH_SEARCH_PATHS = (
					"$(inherited)",
					"@executable_path/Frameworks",
				);
				PRODUCT_BUNDLE_IDENTIFIER = "com.nbapi.testttt.-2----";
				PRODUCT_NAME = "$(TARGET_NAME)";
				SWIFT_VERSION = 4.2;
				TARGETED_DEVICE_FAMILY = "1,2";
			};
			name = Release;
		};
/* End XCBuildConfiguration section */

/* Begin XCConfigurationList section */
		88AB7C5A21ABE76F0073D00F /* Build configuration list for PBXProject "22策略模式" */ = {
			isa = XCConfigurationList;
			buildConfigurations = (
				88AB7C6F21ABE7700073D00F /* Debug */,
				88AB7C7021ABE7700073D00F /* Release */,
			);
			defaultConfigurationIsVisible = 0;
			defaultConfigurationName = Release;
		};
		88AB7C7121ABE7700073D00F /* Build configuration list for PBXNativeTarget "22策略模式" */ = {
			isa = XCConfigurationList;
			buildConfigurations = (
				88AB7C7221ABE7700073D00F /* Debug */,
				88AB7C7321ABE7700073D00F /* Release */,
			);
			defaultConfigurationIsVisible = 0;
			defaultConfigurationName = Release;
		};
/* End XCConfigurationList section */
	};
	rootObject = 88AB7C5721ABE76F0073D00F /* Project object */;
}
